
Microsoft Visual Studio Solution File, Format Version 12.00
# Visual Studio Version 17
VisualStudioVersion = 17.11.35312.102
MinimumVisualStudioVersion = 10.0.40219.1
Project("{FAE04EC0-301F-11D3-BF4B-00C04F79EFBC}") = "DrawingApp", "DrawingApp\DrawingApp.csproj", "{57A50F15-A4B9-477C-8724-7453FDF22B69}"
EndProject
Project("{FAE04EC0-301F-11D3-BF4B-00C04F79EFBC}") = "DrawingForm", "DrawingForm\DrawingForm.csproj", "{34EB434F-0856-42B6-8A87-9EA72822352C}"
EndProject
Project("{FAE04EC0-301F-11D3-BF4B-00C04F79EFBC}") = "DrawingModel", "DrawingModel\DrawingModel.csproj", "{B4156D22-9A18-466E-A2BC-ABFDA8CC041F}"
EndProject
Project("{FAE04EC0-301F-11D3-BF4B-00C04F79EFBC}") = "DrawingShape", "DrawingShape\DrawingShape.csproj", "{98F3BE27-EC79-4C13-8939-583213AF8DBE}"
EndProject
Project("{FAE04EC0-301F-11D3-BF4B-00C04F79EFBC}") = "DrawingShapeTests", "DrawingShapeTests\DrawingShapeTests.csproj", "{09FB01A9-14E7-4F46-BBD5-AA508A67A8E0}"
EndProject
Project("{FAE04EC0-301F-11D3-BF4B-00C04F79EFBC}") = "DrawingModelTests", "DrawingModelTests\DrawingModelTests.csproj", "{BB5F7047-7E3D-4427-8A15-2CB122EF4CC2}"
EndProject
Project("{FAE04EC0-301F-11D3-BF4B-00C04F79EFBC}") = "DrawingFormTests", "DrawingFormTests\DrawingFormTests.csproj", "{0ADF35EF-EBB1-4FDC-988D-174591E95B93}"
EndProject
Project("{FAE04EC0-301F-11D3-BF4B-00C04F79EFBC}") = "DrawingFormUITest", "..\DrawingFormUITest\DrawingFormUITest.csproj", "{08EB8150-AD86-4676-8FDA-6D584F1F234B}"
EndProject
Global
	GlobalSection(SolutionConfigurationPlatforms) = preSolution
		Debug|Any CPU = Debug|Any CPU
		Debug|ARM = Debug|ARM
		Debug|ARM64 = Debug|ARM64
		Debug|x64 = Debug|x64
		Debug|x86 = Debug|x86
		Release|Any CPU = Release|Any CPU
		Release|ARM = Release|ARM
		Release|ARM64 = Release|ARM64
		Release|x64 = Release|x64
		Release|x86 = Release|x86
	EndGlobalSection
	GlobalSection(ProjectConfigurationPlatforms) = postSolution
		{57A50F15-A4B9-477C-8724-7453FDF22B69}.Debug|Any CPU.ActiveCfg = Debug|x64
		{57A50F15-A4B9-477C-8724-7453FDF22B69}.Debug|Any CPU.Build.0 = Debug|x64
		{57A50F15-A4B9-477C-8724-7453FDF22B69}.Debug|Any CPU.Deploy.0 = Debug|x64
		{57A50F15-A4B9-477C-8724-7453FDF22B69}.Debug|ARM.ActiveCfg = Debug|ARM
		{57A50F15-A4B9-477C-8724-7453FDF22B69}.Debug|ARM.Build.0 = Debug|ARM
		{57A50F15-A4B9-477C-8724-7453FDF22B69}.Debug|ARM.Deploy.0 = Debug|ARM
		{57A50F15-A4B9-477C-8724-7453FDF22B69}.Debug|ARM64.ActiveCfg = Debug|ARM64
		{57A50F15-A4B9-477C-8724-7453FDF22B69}.Debug|ARM64.Build.0 = Debug|ARM64
		{57A50F15-A4B9-477C-8724-7453FDF22B69}.Debug|ARM64.Deploy.0 = Debug|ARM64
		{57A50F15-A4B9-477C-8724-7453FDF22B69}.Debug|x64.ActiveCfg = Debug|x64
		{57A50F15-A4B9-477C-8724-7453FDF22B69}.Debug|x64.Build.0 = Debug|x64
		{57A50F15-A4B9-477C-8724-7453FDF22B69}.Debug|x64.Deploy.0 = Debug|x64
		{57A50F15-A4B9-477C-8724-7453FDF22B69}.Debug|x86.ActiveCfg = Debug|x86
		{57A50F15-A4B9-477C-8724-7453FDF22B69}.Debug|x86.Build.0 = Debug|x86
		{57A50F15-A4B9-477C-8724-7453FDF22B69}.Debug|x86.Deploy.0 = Debug|x86
		{57A50F15-A4B9-477C-8724-7453FDF22B69}.Release|Any CPU.ActiveCfg = Release|x64
		{57A50F15-A4B9-477C-8724-7453FDF22B69}.Release|Any CPU.Build.0 = Release|x64
		{57A50F15-A4B9-477C-8724-7453FDF22B69}.Release|Any CPU.Deploy.0 = Release|x64
		{57A50F15-A4B9-477C-8724-7453FDF22B69}.Release|ARM.ActiveCfg = Release|ARM
		{57A50F15-A4B9-477C-8724-7453FDF22B69}.Release|ARM.Build.0 = Release|ARM
		{57A50F15-A4B9-477C-8724-7453FDF22B69}.Release|ARM.Deploy.0 = Release|ARM
		{57A50F15-A4B9-477C-8724-7453FDF22B69}.Release|ARM64.ActiveCfg = Release|ARM64
		{57A50F15-A4B9-477C-8724-7453FDF22B69}.Release|ARM64.Build.0 = Release|ARM64
		{57A50F15-A4B9-477C-8724-7453FDF22B69}.Release|ARM64.Deploy.0 = Release|ARM64
		{57A50F15-A4B9-477C-8724-7453FDF22B69}.Release|x64.ActiveCfg = Release|x64
		{57A50F15-A4B9-477C-8724-7453FDF22B69}.Release|x64.Build.0 = Release|x64
		{57A50F15-A4B9-477C-8724-7453FDF22B69}.Release|x64.Deploy.0 = Release|x64
		{57A50F15-A4B9-477C-8724-7453FDF22B69}.Release|x86.ActiveCfg = Release|x86
		{57A50F15-A4B9-477C-8724-7453FDF22B69}.Release|x86.Build.0 = Release|x86
		{57A50F15-A4B9-477C-8724-7453FDF22B69}.Release|x86.Deploy.0 = Release|x86
		{34EB434F-0856-42B6-8A87-9EA72822352C}.Debug|Any CPU.ActiveCfg = Debug|Any CPU
		{34EB434F-0856-42B6-8A87-9EA72822352C}.Debug|Any CPU.Build.0 = Debug|Any CPU
		{34EB434F-0856-42B6-8A87-9EA72822352C}.Debug|ARM.ActiveCfg = Debug|Any CPU
		{34EB434F-0856-42B6-8A87-9EA72822352C}.Debug|ARM.Build.0 = Debug|Any CPU
		{34EB434F-0856-42B6-8A87-9EA72822352C}.Debug|ARM64.ActiveCfg = Debug|Any CPU
		{34EB434F-0856-42B6-8A87-9EA72822352C}.Debug|ARM64.Build.0 = Debug|Any CPU
		{34EB434F-0856-42B6-8A87-9EA72822352C}.Debug|x64.ActiveCfg = Debug|Any CPU
		{34EB434F-0856-42B6-8A87-9EA72822352C}.Debug|x64.Build.0 = Debug|Any CPU
		{34EB434F-0856-42B6-8A87-9EA72822352C}.Debug|x86.ActiveCfg = Debug|Any CPU
		{34EB434F-0856-42B6-8A87-9EA72822352C}.Debug|x86.Build.0 = Debug|Any CPU
		{34EB434F-0856-42B6-8A87-9EA72822352C}.Release|Any CPU.ActiveCfg = Release|Any CPU
		{34EB434F-0856-42B6-8A87-9EA72822352C}.Release|Any CPU.Build.0 = Release|Any CPU
		{34EB434F-0856-42B6-8A87-9EA72822352C}.Release|ARM.ActiveCfg = Release|Any CPU
		{34EB434F-0856-42B6-8A87-9EA72822352C}.Release|ARM.Build.0 = Release|Any CPU
		{34EB434F-0856-42B6-8A87-9EA72822352C}.Release|ARM64.ActiveCfg = Release|Any CPU
		{34EB434F-0856-42B6-8A87-9EA72822352C}.Release|ARM64.Build.0 = Release|Any CPU
		{34EB434F-0856-42B6-8A87-9EA72822352C}.Release|x64.ActiveCfg = Release|Any CPU
		{34EB434F-0856-42B6-8A87-9EA72822352C}.Release|x64.Build.0 = Release|Any CPU
		{34EB434F-0856-42B6-8A87-9EA72822352C}.Release|x86.ActiveCfg = Release|Any CPU
		{34EB434F-0856-42B6-8A87-9EA72822352C}.Release|x86.Build.0 = Release|Any CPU
		{B4156D22-9A18-466E-A2BC-ABFDA8CC041F}.Debug|Any CPU.ActiveCfg = Debug|Any CPU
		{B4156D22-9A18-466E-A2BC-ABFDA8CC041F}.Debug|Any CPU.Build.0 = Debug|Any CPU
		{B4156D22-9A18-466E-A2BC-ABFDA8CC041F}.Debug|ARM.ActiveCfg = Debug|Any CPU
		{B4156D22-9A18-466E-A2BC-ABFDA8CC041F}.Debug|ARM.Build.0 = Debug|Any CPU
		{B4156D22-9A18-466E-A2BC-ABFDA8CC041F}.Debug|ARM64.ActiveCfg = Debug|Any CPU
		{B4156D22-9A18-466E-A2BC-ABFDA8CC041F}.Debug|ARM64.Build.0 = Debug|Any CPU
		{B4156D22-9A18-466E-A2BC-ABFDA8CC041F}.Debug|x64.ActiveCfg = Debug|Any CPU
		{B4156D22-9A18-466E-A2BC-ABFDA8CC041F}.Debug|x64.Build.0 = Debug|Any CPU
		{B4156D22-9A18-466E-A2BC-ABFDA8CC041F}.Debug|x86.ActiveCfg = Debug|Any CPU
		{B4156D22-9A18-466E-A2BC-ABFDA8CC041F}.Debug|x86.Build.0 = Debug|Any CPU
		{B4156D22-9A18-466E-A2BC-ABFDA8CC041F}.Release|Any CPU.ActiveCfg = Release|Any CPU
		{B4156D22-9A18-466E-A2BC-ABFDA8CC041F}.Release|Any CPU.Build.0 = Release|Any CPU
		{B4156D22-9A18-466E-A2BC-ABFDA8CC041F}.Release|ARM.ActiveCfg = Release|Any CPU
		{B4156D22-9A18-466E-A2BC-ABFDA8CC041F}.Release|ARM.Build.0 = Release|Any CPU
		{B4156D22-9A18-466E-A2BC-ABFDA8CC041F}.Release|ARM64.ActiveCfg = Release|Any CPU
		{B4156D22-9A18-466E-A2BC-ABFDA8CC041F}.Release|ARM64.Build.0 = Release|Any CPU
		{B4156D22-9A18-466E-A2BC-ABFDA8CC041F}.Release|x64.ActiveCfg = Release|Any CPU
		{B4156D22-9A18-466E-A2BC-ABFDA8CC041F}.Release|x64.Build.0 = Release|Any CPU
		{B4156D22-9A18-466E-A2BC-ABFDA8CC041F}.Release|x86.ActiveCfg = Release|Any CPU
		{B4156D22-9A18-466E-A2BC-ABFDA8CC041F}.Release|x86.Build.0 = Release|Any CPU
		{98F3BE27-EC79-4C13-8939-583213AF8DBE}.Debug|Any CPU.ActiveCfg = Debug|Any CPU
		{98F3BE27-EC79-4C13-8939-583213AF8DBE}.Debug|Any CPU.Build.0 = Debug|Any CPU
		{98F3BE27-EC79-4C13-8939-583213AF8DBE}.Debug|ARM.ActiveCfg = Debug|Any CPU
		{98F3BE27-EC79-4C13-8939-583213AF8DBE}.Debug|ARM.Build.0 = Debug|Any CPU
		{98F3BE27-EC79-4C13-8939-583213AF8DBE}.Debug|ARM64.ActiveCfg = Debug|Any CPU
		{98F3BE27-EC79-4C13-8939-583213AF8DBE}.Debug|ARM64.Build.0 = Debug|Any CPU
		{98F3BE27-EC79-4C13-8939-583213AF8DBE}.Debug|x64.ActiveCfg = Debug|Any CPU
		{98F3BE27-EC79-4C13-8939-583213AF8DBE}.Debug|x64.Build.0 = Debug|Any CPU
		{98F3BE27-EC79-4C13-8939-583213AF8DBE}.Debug|x86.ActiveCfg = Debug|Any CPU
		{98F3BE27-EC79-4C13-8939-583213AF8DBE}.Debug|x86.Build.0 = Debug|Any CPU
		{98F3BE27-EC79-4C13-8939-583213AF8DBE}.Release|Any CPU.ActiveCfg = Release|Any CPU
		{98F3BE27-EC79-4C13-8939-583213AF8DBE}.Release|Any CPU.Build.0 = Release|Any CPU
		{98F3BE27-EC79-4C13-8939-583213AF8DBE}.Release|ARM.ActiveCfg = Release|Any CPU
		{98F3BE27-EC79-4C13-8939-583213AF8DBE}.Release|ARM.Build.0 = Release|Any CPU
		{98F3BE27-EC79-4C13-8939-583213AF8DBE}.Release|ARM64.ActiveCfg = Release|Any CPU
		{98F3BE27-EC79-4C13-8939-583213AF8DBE}.Release|ARM64.Build.0 = Release|Any CPU
		{98F3BE27-EC79-4C13-8939-583213AF8DBE}.Release|x64.ActiveCfg = Release|Any CPU
		{98F3BE27-EC79-4C13-8939-583213AF8DBE}.Release|x64.Build.0 = Release|Any CPU
		{98F3BE27-EC79-4C13-8939-583213AF8DBE}.Release|x86.ActiveCfg = Release|Any CPU
		{98F3BE27-EC79-4C13-8939-583213AF8DBE}.Release|x86.Build.0 = Release|Any CPU
		{09FB01A9-14E7-4F46-BBD5-AA508A67A8E0}.Debug|Any CPU.ActiveCfg = Debug|Any CPU
		{09FB01A9-14E7-4F46-BBD5-AA508A67A8E0}.Debug|Any CPU.Build.0 = Debug|Any CPU
		{09FB01A9-14E7-4F46-BBD5-AA508A67A8E0}.Debug|ARM.ActiveCfg = Debug|Any CPU
		{09FB01A9-14E7-4F46-BBD5-AA508A67A8E0}.Debug|ARM.Build.0 = Debug|Any CPU
		{09FB01A9-14E7-4F46-BBD5-AA508A67A8E0}.Debug|ARM64.ActiveCfg = Debug|Any CPU
		{09FB01A9-14E7-4F46-BBD5-AA508A67A8E0}.Debug|ARM64.Build.0 = Debug|Any CPU
		{09FB01A9-14E7-4F46-BBD5-AA508A67A8E0}.Debug|x64.ActiveCfg = Debug|Any CPU
		{09FB01A9-14E7-4F46-BBD5-AA508A67A8E0}.Debug|x64.Build.0 = Debug|Any CPU
		{09FB01A9-14E7-4F46-BBD5-AA508A67A8E0}.Debug|x86.ActiveCfg = Debug|Any CPU
		{09FB01A9-14E7-4F46-BBD5-AA508A67A8E0}.Debug|x86.Build.0 = Debug|Any CPU
		{09FB01A9-14E7-4F46-BBD5-AA508A67A8E0}.Release|Any CPU.ActiveCfg = Release|Any CPU
		{09FB01A9-14E7-4F46-BBD5-AA508A67A8E0}.Release|Any CPU.Build.0 = Release|Any CPU
		{09FB01A9-14E7-4F46-BBD5-AA508A67A8E0}.Release|ARM.ActiveCfg = Release|Any CPU
		{09FB01A9-14E7-4F46-BBD5-AA508A67A8E0}.Release|ARM.Build.0 = Release|Any CPU
		{09FB01A9-14E7-4F46-BBD5-AA508A67A8E0}.Release|ARM64.ActiveCfg = Release|Any CPU
		{09FB01A9-14E7-4F46-BBD5-AA508A67A8E0}.Release|ARM64.Build.0 = Release|Any CPU
		{09FB01A9-14E7-4F46-BBD5-AA508A67A8E0}.Release|x64.ActiveCfg = Release|Any CPU
		{09FB01A9-14E7-4F46-BBD5-AA508A67A8E0}.Release|x64.Build.0 = Release|Any CPU
		{09FB01A9-14E7-4F46-BBD5-AA508A67A8E0}.Release|x86.ActiveCfg = Release|Any CPU
		{09FB01A9-14E7-4F46-BBD5-AA508A67A8E0}.Release|x86.Build.0 = Release|Any CPU
		{BB5F7047-7E3D-4427-8A15-2CB122EF4CC2}.Debug|Any CPU.ActiveCfg = Debug|Any CPU
		{BB5F7047-7E3D-4427-8A15-2CB122EF4CC2}.Debug|Any CPU.Build.0 = Debug|Any CPU
		{BB5F7047-7E3D-4427-8A15-2CB122EF4CC2}.Debug|ARM.ActiveCfg = Debug|Any CPU
		{BB5F7047-7E3D-4427-8A15-2CB122EF4CC2}.Debug|ARM.Build.0 = Debug|Any CPU
		{BB5F7047-7E3D-4427-8A15-2CB122EF4CC2}.Debug|ARM64.ActiveCfg = Debug|Any CPU
		{BB5F7047-7E3D-4427-8A15-2CB122EF4CC2}.Debug|ARM64.Build.0 = Debug|Any CPU
		{BB5F7047-7E3D-4427-8A15-2CB122EF4CC2}.Debug|x64.ActiveCfg = Debug|Any CPU
		{BB5F7047-7E3D-4427-8A15-2CB122EF4CC2}.Debug|x64.Build.0 = Debug|Any CPU
		{BB5F7047-7E3D-4427-8A15-2CB122EF4CC2}.Debug|x86.ActiveCfg = Debug|Any CPU
		{BB5F7047-7E3D-4427-8A15-2CB122EF4CC2}.Debug|x86.Build.0 = Debug|Any CPU
		{BB5F7047-7E3D-4427-8A15-2CB122EF4CC2}.Release|Any CPU.ActiveCfg = Release|Any CPU
		{BB5F7047-7E3D-4427-8A15-2CB122EF4CC2}.Release|Any CPU.Build.0 = Release|Any CPU
		{BB5F7047-7E3D-4427-8A15-2CB122EF4CC2}.Release|ARM.ActiveCfg = Release|Any CPU
		{BB5F7047-7E3D-4427-8A15-2CB122EF4CC2}.Release|ARM.Build.0 = Release|Any CPU
		{BB5F7047-7E3D-4427-8A15-2CB122EF4CC2}.Release|ARM64.ActiveCfg = Release|Any CPU
		{BB5F7047-7E3D-4427-8A15-2CB122EF4CC2}.Release|ARM64.Build.0 = Release|Any CPU
		{BB5F7047-7E3D-4427-8A15-2CB122EF4CC2}.Release|x64.ActiveCfg = Release|Any CPU
		{BB5F7047-7E3D-4427-8A15-2CB122EF4CC2}.Release|x64.Build.0 = Release|Any CPU
		{BB5F7047-7E3D-4427-8A15-2CB122EF4CC2}.Release|x86.ActiveCfg = Release|Any CPU
		{BB5F7047-7E3D-4427-8A15-2CB122EF4CC2}.Release|x86.Build.0 = Release|Any CPU
		{0ADF35EF-EBB1-4FDC-988D-174591E95B93}.Debug|Any CPU.ActiveCfg = Debug|Any CPU
		{0ADF35EF-EBB1-4FDC-988D-174591E95B93}.Debug|Any CPU.Build.0 = Debug|Any CPU
		{0ADF35EF-EBB1-4FDC-988D-174591E95B93}.Debug|ARM.ActiveCfg = Debug|Any CPU
		{0ADF35EF-EBB1-4FDC-988D-174591E95B93}.Debug|ARM.Build.0 = Debug|Any CPU
		{0ADF35EF-EBB1-4FDC-988D-174591E95B93}.Debug|ARM64.ActiveCfg = Debug|Any CPU
		{0ADF35EF-EBB1-4FDC-988D-174591E95B93}.Debug|ARM64.Build.0 = Debug|Any CPU
		{0ADF35EF-EBB1-4FDC-988D-174591E95B93}.Debug|x64.ActiveCfg = Debug|Any CPU
		{0ADF35EF-EBB1-4FDC-988D-174591E95B93}.Debug|x64.Build.0 = Debug|Any CPU
		{0ADF35EF-EBB1-4FDC-988D-174591E95B93}.Debug|x86.ActiveCfg = Debug|Any CPU
		{0ADF35EF-EBB1-4FDC-988D-174591E95B93}.Debug|x86.Build.0 = Debug|Any CPU
		{0ADF35EF-EBB1-4FDC-988D-174591E95B93}.Release|Any CPU.ActiveCfg = Release|Any CPU
		{0ADF35EF-EBB1-4FDC-988D-174591E95B93}.Release|Any CPU.Build.0 = Release|Any CPU
		{0ADF35EF-EBB1-4FDC-988D-174591E95B93}.Release|ARM.ActiveCfg = Release|Any CPU
		{0ADF35EF-EBB1-4FDC-988D-174591E95B93}.Release|ARM.Build.0 = Release|Any CPU
		{0ADF35EF-EBB1-4FDC-988D-174591E95B93}.Release|ARM64.ActiveCfg = Release|Any CPU
		{0ADF35EF-EBB1-4FDC-988D-174591E95B93}.Release|ARM64.Build.0 = Release|Any CPU
		{0ADF35EF-EBB1-4FDC-988D-174591E95B93}.Release|x64.ActiveCfg = Release|Any CPU
		{0ADF35EF-EBB1-4FDC-988D-174591E95B93}.Release|x64.Build.0 = Release|Any CPU
		{0ADF35EF-EBB1-4FDC-988D-174591E95B93}.Release|x86.ActiveCfg = Release|Any CPU
		{0ADF35EF-EBB1-4FDC-988D-174591E95B93}.Release|x86.Build.0 = Release|Any CPU
		{08EB8150-AD86-4676-8FDA-6D584F1F234B}.Debug|Any CPU.ActiveCfg = Debug|Any CPU
		{08EB8150-AD86-4676-8FDA-6D584F1F234B}.Debug|Any CPU.Build.0 = Debug|Any CPU
		{08EB8150-AD86-4676-8FDA-6D584F1F234B}.Debug|ARM.ActiveCfg = Debug|Any CPU
		{08EB8150-AD86-4676-8FDA-6D584F1F234B}.Debug|ARM.Build.0 = Debug|Any CPU
		{08EB8150-AD86-4676-8FDA-6D584F1F234B}.Debug|ARM64.ActiveCfg = Debug|Any CPU
		{08EB8150-AD86-4676-8FDA-6D584F1F234B}.Debug|ARM64.Build.0 = Debug|Any CPU
		{08EB8150-AD86-4676-8FDA-6D584F1F234B}.Debug|x64.ActiveCfg = Debug|Any CPU
		{08EB8150-AD86-4676-8FDA-6D584F1F234B}.Debug|x64.Build.0 = Debug|Any CPU
		{08EB8150-AD86-4676-8FDA-6D584F1F234B}.Debug|x86.ActiveCfg = Debug|Any CPU
		{08EB8150-AD86-4676-8FDA-6D584F1F234B}.Debug|x86.Build.0 = Debug|Any CPU
		{08EB8150-AD86-4676-8FDA-6D584F1F234B}.Release|Any CPU.ActiveCfg = Release|Any CPU
		{08EB8150-AD86-4676-8FDA-6D584F1F234B}.Release|Any CPU.Build.0 = Release|Any CPU
		{08EB8150-AD86-4676-8FDA-6D584F1F234B}.Release|ARM.ActiveCfg = Release|Any CPU
		{08EB8150-AD86-4676-8FDA-6D584F1F234B}.Release|ARM.Build.0 = Release|Any CPU
		{08EB8150-AD86-4676-8FDA-6D584F1F234B}.Release|ARM64.ActiveCfg = Release|Any CPU
		{08EB8150-AD86-4676-8FDA-6D584F1F234B}.Release|ARM64.Build.0 = Release|Any CPU
		{08EB8150-AD86-4676-8FDA-6D584F1F234B}.Release|x64.ActiveCfg = Release|Any CPU
		{08EB8150-AD86-4676-8FDA-6D584F1F234B}.Release|x64.Build.0 = Release|Any CPU
		{08EB8150-AD86-4676-8FDA-6D584F1F234B}.Release|x86.ActiveCfg = Release|Any CPU
		{08EB8150-AD86-4676-8FDA-6D584F1F234B}.Release|x86.Build.0 = Release|Any CPU
	EndGlobalSection
	GlobalSection(SolutionProperties) = preSolution
		HideSolutionNode = FALSE
	EndGlobalSection
	GlobalSection(ExtensibilityGlobals) = postSolution
		SolutionGuid = {0722FE2D-7E4B-40F9-B1B7-029FBD01B888}
	EndGlobalSection
EndGlobal
