
Microsoft Visual Studio Solution File, Format Version 12.00
# Visual Studio Version 17
VisualStudioVersion = 17.11.35312.102
MinimumVisualStudioVersion = 10.0.40219.1
Project("{FAE04EC0-301F-11D3-BF4B-00C04F79EFBC}") = "DrawingFormUITest", "DrawingFormUITest.csproj", "{08EB8150-AD86-4676-8FDA-6D584F1F234B}"
EndProject
Global
	GlobalSection(SolutionConfigurationPlatforms) = preSolution
		Debug|Any CPU = Debug|Any CPU
		Release|Any CPU = Release|Any CPU
	EndGlobalSection
	GlobalSection(ProjectConfigurationPlatforms) = postSolution
		{08EB8150-AD86-4676-8FDA-6D584F1F234B}.Debug|Any CPU.ActiveCfg = Debug|Any CPU
		{08EB8150-AD86-4676-8FDA-6D584F1F234B}.Debug|Any CPU.Build.0 = Debug|Any CPU
		{08EB8150-AD86-4676-8FDA-6D584F1F234B}.Release|Any CPU.ActiveCfg = Release|Any CPU
		{08EB8150-AD86-4676-8FDA-6D584F1F234B}.Release|Any CPU.Build.0 = Release|Any CPU
	EndGlobalSection
	GlobalSection(SolutionProperties) = preSolution
		HideSolutionNode = FALSE
	EndGlobalSection
	GlobalSection(ExtensibilityGlobals) = postSolution
		SolutionGuid = {CF054AF3-5EA9-407C-BF82-FB7B58FC8B50}
	EndGlobalSection
EndGlobal
